
Microsoft Visual Studio Solution File, Format Version 11.00
# Visual Studio 2010
Project("{FAE04EC0-301F-11D3-BF4B-00C04F79EFBC}") = "ResearchLinks", "ResearchLinks\ResearchLinks.csproj", "{99546451-DD17-4AE7-B9CC-8CA4DC96CA69}"
EndProject
Project("{FAE04EC0-301F-11D3-BF4B-00C04F79EFBC}") = "ResearchLinks.Data", "ResearchLinks.Data\ResearchLinks.Data.csproj", "{570BD42B-4963-42FE-A063-6D966BF028D2}"
EndProject
Global
	GlobalSection(SolutionConfigurationPlatforms) = preSolution
		Debug|Any CPU = Debug|Any CPU
		Release|Any CPU = Release|Any CPU
	EndGlobalSection
	GlobalSection(ProjectConfigurationPlatforms) = postSolution
		{99546451-DD17-4AE7-B9CC-8CA4DC96CA69}.Debug|Any CPU.ActiveCfg = Debug|Any CPU
		{99546451-DD17-4AE7-B9CC-8CA4DC96CA69}.Debug|Any CPU.Build.0 = Debug|Any CPU
		{99546451-DD17-4AE7-B9CC-8CA4DC96CA69}.Release|Any CPU.ActiveCfg = Release|Any CPU
		{99546451-DD17-4AE7-B9CC-8CA4DC96CA69}.Release|Any CPU.Build.0 = Release|Any CPU
		{570BD42B-4963-42FE-A063-6D966BF028D2}.Debug|Any CPU.ActiveCfg = Debug|Any CPU
		{570BD42B-4963-42FE-A063-6D966BF028D2}.Debug|Any CPU.Build.0 = Debug|Any CPU
		{570BD42B-4963-42FE-A063-6D966BF028D2}.Release|Any CPU.ActiveCfg = Release|Any CPU
		{570BD42B-4963-42FE-A063-6D966BF028D2}.Release|Any CPU.Build.0 = Release|Any CPU
	EndGlobalSection
	GlobalSection(SolutionProperties) = preSolution
		HideSolutionNode = FALSE
	EndGlobalSection
EndGlobal
